
Microsoft Visual Studio Solution File, Format Version 12.00
# Visual Studio 15
VisualStudioVersion = 15.0.28307.1145
MinimumVisualStudioVersion = 10.0.40219.1
Project("{2150E333-8FDC-42A3-9474-1A3956D46DE8}") = "第1章-FFMEPG-基础", "第1章-FFMEPG-基础", "{A09B33FE-3CAE-45D2-9B7D-D084D438DB72}"
EndProject
Project("{2150E333-8FDC-42A3-9474-1A3956D46DE8}") = "第2章-OpenGL渲染", "第2章-OpenGL渲染", "{93EB3A77-926C-408E-80BB-3C8F332F7531}"
EndProject
Project("{2150E333-8FDC-42A3-9474-1A3956D46DE8}") = "第3章-Effect", "第3章-Effect", "{445044BF-7618-40DF-9DF7-1239243A913C}"
EndProject
Project("{8BC9CEB8-8B4A-11D0-8D11-00A0C91BC942}") = "lesson01-evn", "lesson01-evn\lesson01-evn.vcxproj", "{C6D38168-9739-44A5-A51B-45AD559B1DD6}"
EndProject
Project("{8BC9CEB8-8B4A-11D0-8D11-00A0C91BC942}") = "lesson02-window", "lesson02-window\lesson02-window.vcxproj", "{C6D38168-9739-44A5-A51B-45AD559B1002}"
EndProject
Project("{8BC9CEB8-8B4A-11D0-8D11-00A0C91BC942}") = "lesson03-ffmpeg", "lesson03-ffmpeg\lesson03-ffmpeg.vcxproj", "{C6D38168-9739-44A5-A51B-45AD559B1003}"
EndProject
Project("{8BC9CEB8-8B4A-11D0-8D11-00A0C91BC942}") = "lesson04-play", "lesson04-play\lesson04-play.vcxproj", "{C6D38168-9739-44A5-A51B-45AD559B1004}"
EndProject
Project("{8BC9CEB8-8B4A-11D0-8D11-00A0C91BC942}") = "lesson05-thread", "lesson05-thread\lesson05-thread.vcxproj", "{88888888-2D39-4A7B-8316-F8AB78C1F005}"
EndProject
Project("{8BC9CEB8-8B4A-11D0-8D11-00A0C91BC942}") = "lesson06-thread-解决死锁", "lesson06-thread-解决死锁\lesson06-thread-解决死锁.vcxproj", "{88888888-2D39-4A7B-8316-F8AB78C1F006}"
EndProject
Project("{8BC9CEB8-8B4A-11D0-8D11-00A0C91BC942}") = "lesson07-class封装", "lesson07-class封装\lesson07-class封装.vcxproj", "{88888888-2D39-4A7B-8316-F8AB78C1F007}"
EndProject
Project("{8BC9CEB8-8B4A-11D0-8D11-00A0C91BC942}") = "lesson08-播放速率控制", "lesson08-播放速率控制\lesson08-播放速率控制.vcxproj", "{88888888-2D39-4A7B-8316-F8AB78C1F008}"
EndProject
Project("{8BC9CEB8-8B4A-11D0-8D11-00A0C91BC942}") = "lesson20-OpenGL环境的建立", "lesson20-OpenGL环境的建立\lesson20-OpenGL环境的建立.vcxproj", "{88888888-2D39-4A7B-8316-F8AB78C1F010}"
EndProject
Project("{8BC9CEB8-8B4A-11D0-8D11-00A0C91BC942}") = "lesson21-OpenGL绘制视频", "lesson21-OpenGL绘制视频\lesson21-OpenGL绘制视频.vcxproj", "{88888888-2D39-4A7B-8316-F8AB78C1F021}"
EndProject
Project("{8BC9CEB8-8B4A-11D0-8D11-00A0C91BC942}") = "lesson22-OpenGL绘制视频2", "lesson22-OpenGL绘制视频2\lesson22-OpenGL绘制视频2.vcxproj", "{88888888-2D39-4A7B-8316-F8AB78C1F022}"
EndProject
Project("{8BC9CEB8-8B4A-11D0-8D11-00A0C91BC942}") = "lesson23-OpenGL-Shader", "lesson23-OpenGL-Shader\lesson23-OpenGL-Shader.vcxproj", "{88888888-2D39-4A7B-8316-F8AB78C1F023}"
EndProject
Project("{8BC9CEB8-8B4A-11D0-8D11-00A0C91BC942}") = "lesson25-YUV-GPU实现", "lesson25-YUV-GPU实现\lesson25-YUV-GPU实现.vcxproj", "{88888888-2D39-4A7B-8316-F8AB78C1F025}"
EndProject
Project("{8BC9CEB8-8B4A-11D0-8D11-00A0C91BC942}") = "lesson26-YUV-GPU-单纹理", "lesson26-YUV-GPU-单纹理\lesson26-YUV-GPU-单纹理.vcxproj", "{88888888-2D39-4A7B-8316-F8AB78C1F026}"
EndProject
Project("{8BC9CEB8-8B4A-11D0-8D11-00A0C91BC942}") = "lesson27-YUV-GPU-单纹理2", "lesson27-YUV-GPU-单纹理2\lesson27-YUV-GPU-单纹理2.vcxproj", "{88888888-2D39-4A7B-8316-F8AB78C1F027}"
EndProject
Project("{8BC9CEB8-8B4A-11D0-8D11-00A0C91BC942}") = "lesson28-YUV-PBO", "lesson28-YUV-PBO\lesson28-YUV-PBO.vcxproj", "{88888888-2D39-4A7B-8316-F8AB78C1F028}"
EndProject
Project("{8BC9CEB8-8B4A-11D0-8D11-00A0C91BC942}") = "lesson29-YUV-double-PBO", "lesson29-YUV-double-PBO\lesson29-YUV-double-PBO.vcxproj", "{88888888-2D39-4A7B-8316-F8AB78C1F029}"
EndProject
Project("{8BC9CEB8-8B4A-11D0-8D11-00A0C91BC942}") = "lesson291-bugfixed", "lesson291-bugfixed\lesson291-bugfixed.vcxproj", "{88888888-2D39-4A7B-8316-F8AB78C1F129}"
EndProject
Project("{8BC9CEB8-8B4A-11D0-8D11-00A0C91BC942}") = "lesson300-effect", "lesson300-effect\lesson300-effect.vcxproj", "{3A213386-ECD8-49ED-8AA7-CF2841F06D35}"
EndProject
Global
	GlobalSection(SolutionConfigurationPlatforms) = preSolution
		Debug|Win32 = Debug|Win32
		Release|Win32 = Release|Win32
	EndGlobalSection
	GlobalSection(ProjectConfigurationPlatforms) = postSolution
		{C6D38168-9739-44A5-A51B-45AD559B1DD6}.Debug|Win32.ActiveCfg = Debug|Win32
		{C6D38168-9739-44A5-A51B-45AD559B1DD6}.Debug|Win32.Build.0 = Debug|Win32
		{C6D38168-9739-44A5-A51B-45AD559B1DD6}.Release|Win32.ActiveCfg = Release|Win32
		{C6D38168-9739-44A5-A51B-45AD559B1DD6}.Release|Win32.Build.0 = Release|Win32
		{C6D38168-9739-44A5-A51B-45AD559B1002}.Debug|Win32.ActiveCfg = Debug|Win32
		{C6D38168-9739-44A5-A51B-45AD559B1002}.Debug|Win32.Build.0 = Debug|Win32
		{C6D38168-9739-44A5-A51B-45AD559B1002}.Release|Win32.ActiveCfg = Release|Win32
		{C6D38168-9739-44A5-A51B-45AD559B1002}.Release|Win32.Build.0 = Release|Win32
		{C6D38168-9739-44A5-A51B-45AD559B1003}.Debug|Win32.ActiveCfg = Debug|Win32
		{C6D38168-9739-44A5-A51B-45AD559B1003}.Debug|Win32.Build.0 = Debug|Win32
		{C6D38168-9739-44A5-A51B-45AD559B1003}.Release|Win32.ActiveCfg = Release|Win32
		{C6D38168-9739-44A5-A51B-45AD559B1003}.Release|Win32.Build.0 = Release|Win32
		{C6D38168-9739-44A5-A51B-45AD559B1004}.Debug|Win32.ActiveCfg = Debug|Win32
		{C6D38168-9739-44A5-A51B-45AD559B1004}.Debug|Win32.Build.0 = Debug|Win32
		{C6D38168-9739-44A5-A51B-45AD559B1004}.Release|Win32.ActiveCfg = Release|Win32
		{C6D38168-9739-44A5-A51B-45AD559B1004}.Release|Win32.Build.0 = Release|Win32
		{88888888-2D39-4A7B-8316-F8AB78C1F005}.Debug|Win32.ActiveCfg = Debug|Win32
		{88888888-2D39-4A7B-8316-F8AB78C1F005}.Debug|Win32.Build.0 = Debug|Win32
		{88888888-2D39-4A7B-8316-F8AB78C1F005}.Release|Win32.ActiveCfg = Release|Win32
		{88888888-2D39-4A7B-8316-F8AB78C1F005}.Release|Win32.Build.0 = Release|Win32
		{88888888-2D39-4A7B-8316-F8AB78C1F006}.Debug|Win32.ActiveCfg = Debug|Win32
		{88888888-2D39-4A7B-8316-F8AB78C1F006}.Debug|Win32.Build.0 = Debug|Win32
		{88888888-2D39-4A7B-8316-F8AB78C1F006}.Release|Win32.ActiveCfg = Release|Win32
		{88888888-2D39-4A7B-8316-F8AB78C1F006}.Release|Win32.Build.0 = Release|Win32
		{88888888-2D39-4A7B-8316-F8AB78C1F007}.Debug|Win32.ActiveCfg = Debug|Win32
		{88888888-2D39-4A7B-8316-F8AB78C1F007}.Debug|Win32.Build.0 = Debug|Win32
		{88888888-2D39-4A7B-8316-F8AB78C1F007}.Release|Win32.ActiveCfg = Release|Win32
		{88888888-2D39-4A7B-8316-F8AB78C1F007}.Release|Win32.Build.0 = Release|Win32
		{88888888-2D39-4A7B-8316-F8AB78C1F008}.Debug|Win32.ActiveCfg = Debug|Win32
		{88888888-2D39-4A7B-8316-F8AB78C1F008}.Debug|Win32.Build.0 = Debug|Win32
		{88888888-2D39-4A7B-8316-F8AB78C1F008}.Release|Win32.ActiveCfg = Release|Win32
		{88888888-2D39-4A7B-8316-F8AB78C1F008}.Release|Win32.Build.0 = Release|Win32
		{88888888-2D39-4A7B-8316-F8AB78C1F010}.Debug|Win32.ActiveCfg = Debug|Win32
		{88888888-2D39-4A7B-8316-F8AB78C1F010}.Debug|Win32.Build.0 = Debug|Win32
		{88888888-2D39-4A7B-8316-F8AB78C1F010}.Release|Win32.ActiveCfg = Release|Win32
		{88888888-2D39-4A7B-8316-F8AB78C1F010}.Release|Win32.Build.0 = Release|Win32
		{88888888-2D39-4A7B-8316-F8AB78C1F021}.Debug|Win32.ActiveCfg = Debug|Win32
		{88888888-2D39-4A7B-8316-F8AB78C1F021}.Debug|Win32.Build.0 = Debug|Win32
		{88888888-2D39-4A7B-8316-F8AB78C1F021}.Release|Win32.ActiveCfg = Release|Win32
		{88888888-2D39-4A7B-8316-F8AB78C1F021}.Release|Win32.Build.0 = Release|Win32
		{88888888-2D39-4A7B-8316-F8AB78C1F022}.Debug|Win32.ActiveCfg = Debug|Win32
		{88888888-2D39-4A7B-8316-F8AB78C1F022}.Debug|Win32.Build.0 = Debug|Win32
		{88888888-2D39-4A7B-8316-F8AB78C1F022}.Release|Win32.ActiveCfg = Release|Win32
		{88888888-2D39-4A7B-8316-F8AB78C1F022}.Release|Win32.Build.0 = Release|Win32
		{88888888-2D39-4A7B-8316-F8AB78C1F023}.Debug|Win32.ActiveCfg = Debug|Win32
		{88888888-2D39-4A7B-8316-F8AB78C1F023}.Debug|Win32.Build.0 = Debug|Win32
		{88888888-2D39-4A7B-8316-F8AB78C1F023}.Release|Win32.ActiveCfg = Release|Win32
		{88888888-2D39-4A7B-8316-F8AB78C1F023}.Release|Win32.Build.0 = Release|Win32
		{88888888-2D39-4A7B-8316-F8AB78C1F025}.Debug|Win32.ActiveCfg = Debug|Win32
		{88888888-2D39-4A7B-8316-F8AB78C1F025}.Debug|Win32.Build.0 = Debug|Win32
		{88888888-2D39-4A7B-8316-F8AB78C1F025}.Release|Win32.ActiveCfg = Release|Win32
		{88888888-2D39-4A7B-8316-F8AB78C1F025}.Release|Win32.Build.0 = Release|Win32
		{88888888-2D39-4A7B-8316-F8AB78C1F026}.Debug|Win32.ActiveCfg = Debug|Win32
		{88888888-2D39-4A7B-8316-F8AB78C1F026}.Debug|Win32.Build.0 = Debug|Win32
		{88888888-2D39-4A7B-8316-F8AB78C1F026}.Release|Win32.ActiveCfg = Release|Win32
		{88888888-2D39-4A7B-8316-F8AB78C1F026}.Release|Win32.Build.0 = Release|Win32
		{88888888-2D39-4A7B-8316-F8AB78C1F027}.Debug|Win32.ActiveCfg = Debug|Win32
		{88888888-2D39-4A7B-8316-F8AB78C1F027}.Debug|Win32.Build.0 = Debug|Win32
		{88888888-2D39-4A7B-8316-F8AB78C1F027}.Release|Win32.ActiveCfg = Release|Win32
		{88888888-2D39-4A7B-8316-F8AB78C1F027}.Release|Win32.Build.0 = Release|Win32
		{88888888-2D39-4A7B-8316-F8AB78C1F028}.Debug|Win32.ActiveCfg = Debug|Win32
		{88888888-2D39-4A7B-8316-F8AB78C1F028}.Debug|Win32.Build.0 = Debug|Win32
		{88888888-2D39-4A7B-8316-F8AB78C1F028}.Release|Win32.ActiveCfg = Release|Win32
		{88888888-2D39-4A7B-8316-F8AB78C1F028}.Release|Win32.Build.0 = Release|Win32
		{88888888-2D39-4A7B-8316-F8AB78C1F029}.Debug|Win32.ActiveCfg = Debug|Win32
		{88888888-2D39-4A7B-8316-F8AB78C1F029}.Debug|Win32.Build.0 = Debug|Win32
		{88888888-2D39-4A7B-8316-F8AB78C1F029}.Release|Win32.ActiveCfg = Release|Win32
		{88888888-2D39-4A7B-8316-F8AB78C1F029}.Release|Win32.Build.0 = Release|Win32
		{88888888-2D39-4A7B-8316-F8AB78C1F129}.Debug|Win32.ActiveCfg = Debug|Win32
		{88888888-2D39-4A7B-8316-F8AB78C1F129}.Debug|Win32.Build.0 = Debug|Win32
		{88888888-2D39-4A7B-8316-F8AB78C1F129}.Release|Win32.ActiveCfg = Release|Win32
		{88888888-2D39-4A7B-8316-F8AB78C1F129}.Release|Win32.Build.0 = Release|Win32
		{3A213386-ECD8-49ED-8AA7-CF2841F06D35}.Debug|Win32.ActiveCfg = Debug|Win32
		{3A213386-ECD8-49ED-8AA7-CF2841F06D35}.Debug|Win32.Build.0 = Debug|Win32
		{3A213386-ECD8-49ED-8AA7-CF2841F06D35}.Release|Win32.ActiveCfg = Release|Win32
		{3A213386-ECD8-49ED-8AA7-CF2841F06D35}.Release|Win32.Build.0 = Release|Win32
	EndGlobalSection
	GlobalSection(SolutionProperties) = preSolution
		HideSolutionNode = FALSE
	EndGlobalSection
	GlobalSection(NestedProjects) = preSolution
		{C6D38168-9739-44A5-A51B-45AD559B1DD6} = {A09B33FE-3CAE-45D2-9B7D-D084D438DB72}
		{C6D38168-9739-44A5-A51B-45AD559B1002} = {A09B33FE-3CAE-45D2-9B7D-D084D438DB72}
		{C6D38168-9739-44A5-A51B-45AD559B1003} = {A09B33FE-3CAE-45D2-9B7D-D084D438DB72}
		{C6D38168-9739-44A5-A51B-45AD559B1004} = {A09B33FE-3CAE-45D2-9B7D-D084D438DB72}
		{88888888-2D39-4A7B-8316-F8AB78C1F005} = {A09B33FE-3CAE-45D2-9B7D-D084D438DB72}
		{88888888-2D39-4A7B-8316-F8AB78C1F006} = {A09B33FE-3CAE-45D2-9B7D-D084D438DB72}
		{88888888-2D39-4A7B-8316-F8AB78C1F007} = {A09B33FE-3CAE-45D2-9B7D-D084D438DB72}
		{88888888-2D39-4A7B-8316-F8AB78C1F008} = {A09B33FE-3CAE-45D2-9B7D-D084D438DB72}
		{88888888-2D39-4A7B-8316-F8AB78C1F010} = {93EB3A77-926C-408E-80BB-3C8F332F7531}
		{88888888-2D39-4A7B-8316-F8AB78C1F021} = {93EB3A77-926C-408E-80BB-3C8F332F7531}
		{88888888-2D39-4A7B-8316-F8AB78C1F022} = {93EB3A77-926C-408E-80BB-3C8F332F7531}
		{88888888-2D39-4A7B-8316-F8AB78C1F023} = {93EB3A77-926C-408E-80BB-3C8F332F7531}
		{88888888-2D39-4A7B-8316-F8AB78C1F025} = {93EB3A77-926C-408E-80BB-3C8F332F7531}
		{88888888-2D39-4A7B-8316-F8AB78C1F026} = {93EB3A77-926C-408E-80BB-3C8F332F7531}
		{88888888-2D39-4A7B-8316-F8AB78C1F027} = {93EB3A77-926C-408E-80BB-3C8F332F7531}
		{88888888-2D39-4A7B-8316-F8AB78C1F028} = {93EB3A77-926C-408E-80BB-3C8F332F7531}
		{88888888-2D39-4A7B-8316-F8AB78C1F029} = {93EB3A77-926C-408E-80BB-3C8F332F7531}
		{88888888-2D39-4A7B-8316-F8AB78C1F129} = {93EB3A77-926C-408E-80BB-3C8F332F7531}
		{3A213386-ECD8-49ED-8AA7-CF2841F06D35} = {445044BF-7618-40DF-9DF7-1239243A913C}
	EndGlobalSection
	GlobalSection(ExtensibilityGlobals) = postSolution
		SolutionGuid = {2597A8C1-C402-4066-8DB2-140A05ACD5F4}
	EndGlobalSection
EndGlobal
